
Microsoft Visual Studio Solution File, Format Version 12.00
Project("{FAE04EC0-301F-11D3-BF4B-00C04F79EFBC}") = "AssignmentApp.Data", "AssignmentApp.Data\AssignmentApp.Data.csproj", "{65CDCB55-3C47-4AFE-9D03-F6BDC76FEA38}"
EndProject
Project("{FAE04EC0-301F-11D3-BF4B-00C04F79EFBC}") = "AssignmentApp.API", "AssignmentApp.API\AssignmentApp.API.csproj", "{CD2EEA40-F3D4-433A-814A-3FB1419724B2}"
EndProject
Global
	GlobalSection(SolutionConfigurationPlatforms) = preSolution
		Debug|Any CPU = Debug|Any CPU
		Release|Any CPU = Release|Any CPU
	EndGlobalSection
	GlobalSection(ProjectConfigurationPlatforms) = postSolution
		{65CDCB55-3C47-4AFE-9D03-F6BDC76FEA38}.Debug|Any CPU.ActiveCfg = Debug|Any CPU
		{65CDCB55-3C47-4AFE-9D03-F6BDC76FEA38}.Debug|Any CPU.Build.0 = Debug|Any CPU
		{65CDCB55-3C47-4AFE-9D03-F6BDC76FEA38}.Release|Any CPU.ActiveCfg = Release|Any CPU
		{65CDCB55-3C47-4AFE-9D03-F6BDC76FEA38}.Release|Any CPU.Build.0 = Release|Any CPU
		{CD2EEA40-F3D4-433A-814A-3FB1419724B2}.Debug|Any CPU.ActiveCfg = Debug|Any CPU
		{CD2EEA40-F3D4-433A-814A-3FB1419724B2}.Debug|Any CPU.Build.0 = Debug|Any CPU
		{CD2EEA40-F3D4-433A-814A-3FB1419724B2}.Release|Any CPU.ActiveCfg = Release|Any CPU
		{CD2EEA40-F3D4-433A-814A-3FB1419724B2}.Release|Any CPU.Build.0 = Release|Any CPU
	EndGlobalSection
EndGlobal
